
Microsoft Visual Studio Solution File, Format Version 12.00
# Visual Studio 15
VisualStudioVersion = 15.0.27703.2018
MinimumVisualStudioVersion = 10.0.40219.1
Project("{FAE04EC0-301F-11D3-BF4B-00C04F79EFBC}") = "SampleTest", "SampleTest\SampleTest.csproj", "{93DA1C8B-4D8D-46A9-AD91-805169BCA06C}"
EndProject
Global
	GlobalSection(SolutionConfigurationPlatforms) = preSolution
		Debug|Any CPU = Debug|Any CPU
		Release|Any CPU = Release|Any CPU
	EndGlobalSection
	GlobalSection(ProjectConfigurationPlatforms) = postSolution
		{93DA1C8B-4D8D-46A9-AD91-805169BCA06C}.Debug|Any CPU.ActiveCfg = Debug|Any CPU
		{93DA1C8B-4D8D-46A9-AD91-805169BCA06C}.Debug|Any CPU.Build.0 = Debug|Any CPU
		{93DA1C8B-4D8D-46A9-AD91-805169BCA06C}.Release|Any CPU.ActiveCfg = Release|Any CPU
		{93DA1C8B-4D8D-46A9-AD91-805169BCA06C}.Release|Any CPU.Build.0 = Release|Any CPU
	EndGlobalSection
	GlobalSection(SolutionProperties) = preSolution
		HideSolutionNode = FALSE
	EndGlobalSection
	GlobalSection(ExtensibilityGlobals) = postSolution
		SolutionGuid = {F247D16C-D72B-4CAA-A739-38755CF560A7}
	EndGlobalSection
EndGlobal
